
Microsoft Visual Studio Solution File, Format Version 12.00
# Visual Studio Version 16
VisualStudioVersion = 16.0.31402.337
MinimumVisualStudioVersion = 10.0.40219.1
Project("{FAE04EC0-301F-11D3-BF4B-00C04F79EFBC}") = "1 - Variaveis", "1 - Variaveis\1 - Variaveis.csproj", "{7129C86B-8E69-4F92-9F81-E0A067051567}"
EndProject
Global
	GlobalSection(SolutionConfigurationPlatforms) = preSolution
		Debug|Any CPU = Debug|Any CPU
		Release|Any CPU = Release|Any CPU
	EndGlobalSection
	GlobalSection(ProjectConfigurationPlatforms) = postSolution
		{7129C86B-8E69-4F92-9F81-E0A067051567}.Debug|Any CPU.ActiveCfg = Debug|Any CPU
		{7129C86B-8E69-4F92-9F81-E0A067051567}.Debug|Any CPU.Build.0 = Debug|Any CPU
		{7129C86B-8E69-4F92-9F81-E0A067051567}.Release|Any CPU.ActiveCfg = Release|Any CPU
		{7129C86B-8E69-4F92-9F81-E0A067051567}.Release|Any CPU.Build.0 = Release|Any CPU
	EndGlobalSection
	GlobalSection(SolutionProperties) = preSolution
		HideSolutionNode = FALSE
	EndGlobalSection
	GlobalSection(ExtensibilityGlobals) = postSolution
		SolutionGuid = {ECF12B41-5C87-465F-9728-EC11B5CBEFBF}
	EndGlobalSection
EndGlobal
